// !$*UTF8*$!
{
	archiveVersion = 1;
	classes = {
	};
	objectVersion = 50;
	objects = {

/* Begin PBXBuildFile section */
		3FE461542833F60400D37D1D /* AppDelegate.swift in Sources */ = {isa = PBXBuildFile; fileRef = 3FE461532833F60400D37D1D /* AppDelegate.swift */; };
		3FE461562833F60400D37D1D /* GameScene.sks in Resources */ = {isa = PBXBuildFile; fileRef = 3FE461552833F60400D37D1D /* GameScene.sks */; };
		3FE461582833F60400D37D1D /* Actions.sks in Resources */ = {isa = PBXBuildFile; fileRef = 3FE461572833F60400D37D1D /* Actions.sks */; };
		3FE4615A2833F60400D37D1D /* GameScene.swift in Sources */ = {isa = PBXBuildFile; fileRef = 3FE461592833F60400D37D1D /* GameScene.swift */; };
		3FE4615C2833F60400D37D1D /* GameViewController.swift in Sources */ = {isa = PBXBuildFile; fileRef = 3FE4615B2833F60400D37D1D /* GameViewController.swift */; };
		3FE4615F2833F60400D37D1D /* Main.storyboard in Resources */ = {isa = PBXBuildFile; fileRef = 3FE4615D2833F60400D37D1D /* Main.storyboard */; };
		3FE461612833F60D00D37D1D /* Assets.xcassets in Resources */ = {isa = PBXBuildFile; fileRef = 3FE461602833F60C00D37D1D /* Assets.xcassets */; };
		3FE461692833F64C00D37D1D /* sahil.assets in Resources */ = {isa = PBXBuildFile; fileRef = 3FE461682833F64C00D37D1D /* sahil.assets */; };
/* End PBXBuildFile section */

/* Begin PBXFileReference section */
		3FE461502833F60400D37D1D /* Sahil Runner.app */ = {isa = PBXFileReference; explicitFileType = wrapper.application; includeInIndex = 0; path = "Sahil Runner.app"; sourceTree = BUILT_PRODUCTS_DIR; };
		3FE461532833F60400D37D1D /* AppDelegate.swift */ = {isa = PBXFileReference; lastKnownFileType = sourcecode.swift; path = AppDelegate.swift; sourceTree = "<group>"; };
		3FE461552833F60400D37D1D /* GameScene.sks */ = {isa = PBXFileReference; lastKnownFileType = file.sks; path = GameScene.sks; sourceTree = "<group>"; };
		3FE461572833F60400D37D1D /* Actions.sks */ = {isa = PBXFileReference; lastKnownFileType = file.sks; path = Actions.sks; sourceTree = "<group>"; };
		3FE461592833F60400D37D1D /* GameScene.swift */ = {isa = PBXFileReference; lastKnownFileType = sourcecode.swift; path = GameScene.swift; sourceTree = "<group>"; };
		3FE4615B2833F60400D37D1D /* GameViewController.swift */ = {isa = PBXFileReference; lastKnownFileType = sourcecode.swift; path = GameViewController.swift; sourceTree = "<group>"; };
		3FE4615E2833F60400D37D1D /* Base */ = {isa = PBXFileReference; lastKnownFileType = file.storyboard; name = Base; path = Base.lproj/Main.storyboard; sourceTree = "<group>"; };
		3FE461602833F60C00D37D1D /* Assets.xcassets */ = {isa = PBXFileReference; lastKnownFileType = folder.assetcatalog; path = Assets.xcassets; sourceTree = "<group>"; };
		3FE461622833F60D00D37D1D /* Info.plist */ = {isa = PBXFileReference; lastKnownFileType = text.plist.xml; path = Info.plist; sourceTree = "<group>"; };
		3FE461682833F64C00D37D1D /* sahil.assets */ = {isa = PBXFileReference; lastKnownFileType = folder; path = sahil.assets; sourceTree = "<group>"; };
/* End PBXFileReference section */

/* Begin PBXFrameworksBuildPhase section */
		3FE4614D2833F60400D37D1D /* Frameworks */ = {
			isa = PBXFrameworksBuildPhase;
			buildActionMask = 2147483647;
			files = (
			);
			runOnlyForDeploymentPostprocessing = 0;
		};
/* End PBXFrameworksBuildPhase section */

/* Begin PBXGroup section */
		3FE461472833F60400D37D1D = {
			isa = PBXGroup;
			children = (
				3FE461522833F60400D37D1D /* Sahil Runner */,
				3FE461512833F60400D37D1D /* Products */,
			);
			sourceTree = "<group>";
		};
		3FE461512833F60400D37D1D /* Products */ = {
			isa = PBXGroup;
			children = (
				3FE461502833F60400D37D1D /* Sahil Runner.app */,
			);
			name = Products;
			sourceTree = "<group>";
		};
		3FE461522833F60400D37D1D /* Sahil Runner */ = {
			isa = PBXGroup;
			children = (
				3FE461532833F60400D37D1D /* AppDelegate.swift */,
				3FE461552833F60400D37D1D /* GameScene.sks */,
				3FE461572833F60400D37D1D /* Actions.sks */,
				3FE461592833F60400D37D1D /* GameScene.swift */,
				3FE4615B2833F60400D37D1D /* GameViewController.swift */,
				3FE4615D2833F60400D37D1D /* Main.storyboard */,
				3FE461602833F60C00D37D1D /* Assets.xcassets */,
				3FE461682833F64C00D37D1D /* sahil.assets */,
				3FE461622833F60D00D37D1D /* Info.plist */,
			);
			path = "Sahil Runner";
			sourceTree = "<group>";
		};
/* End PBXGroup section */

/* Begin PBXNativeTarget section */
		3FE4614F2833F60400D37D1D /* Sahil Runner */ = {
			isa = PBXNativeTarget;
			buildConfigurationList = 3FE461652833F60D00D37D1D /* Build configuration list for PBXNativeTarget "Sahil Runner" */;
			buildPhases = (
				3FE4614C2833F60400D37D1D /* Sources */,
				3FE4614D2833F60400D37D1D /* Frameworks */,
				3FE4614E2833F60400D37D1D /* Resources */,
			);
			buildRules = (
			);
			dependencies = (
			);
			name = "Sahil Runner";
			productName = "Sahil Runner";
			productReference = 3FE461502833F60400D37D1D /* Sahil Runner.app */;
			productType = "com.apple.product-type.application";
		};
/* End PBXNativeTarget section */

/* Begin PBXProject section */
		3FE461482833F60400D37D1D /* Project object */ = {
			isa = PBXProject;
			attributes = {
				LastSwiftUpdateCheck = 1250;
				LastUpgradeCheck = 1250;
				TargetAttributes = {
					3FE4614F2833F60400D37D1D = {
						CreatedOnToolsVersion = 12.5.1;
					};
				};
			};
			buildConfigurationList = 3FE4614B2833F60400D37D1D /* Build configuration list for PBXProject "Sahil Runner" */;
			compatibilityVersion = "Xcode 9.3";
			developmentRegion = en;
			hasScannedForEncodings = 0;
			knownRegions = (
				en,
				Base,
			);
			mainGroup = 3FE461472833F60400D37D1D;
			productRefGroup = 3FE461512833F60400D37D1D /* Products */;
			projectDirPath = "";
			projectRoot = "";
			targets = (
				3FE4614F2833F60400D37D1D /* Sahil Runner */,
			);
		};
/* End PBXProject section */

/* Begin PBXResourcesBuildPhase section */
		3FE4614E2833F60400D37D1D /* Resources */ = {
			isa = PBXResourcesBuildPhase;
			buildActionMask = 2147483647;
			files = (
				3FE4615F2833F60400D37D1D /* Main.storyboard in Resources */,
				3FE461692833F64C00D37D1D /* sahil.assets in Resources */,
				3FE461562833F60400D37D1D /* GameScene.sks in Resources */,
				3FE461612833F60D00D37D1D /* Assets.xcassets in Resources */,
				3FE461582833F60400D37D1D /* Actions.sks in Resources */,
			);
			runOnlyForDeploymentPostprocessing = 0;
		};
/* End PBXResourcesBuildPhase section */

/* Begin PBXSourcesBuildPhase section */
		3FE4614C2833F60400D37D1D /* Sources */ = {
			isa = PBXSourcesBuildPhase;
			buildActionMask = 2147483647;
			files = (
				3FE4615A2833F60400D37D1D /* GameScene.swift in Sources */,
				3FE4615C2833F60400D37D1D /* GameViewController.swift in Sources */,
				3FE461542833F60400D37D1D /* AppDelegate.swift in Sources */,
			);
			runOnlyForDeploymentPostprocessing = 0;
		};
/* End PBXSourcesBuildPhase section */

/* Begin PBXVariantGroup section */
		3FE4615D2833F60400D37D1D /* Main.storyboard */ = {
			isa = PBXVariantGroup;
			children = (
				3FE4615E2833F60400D37D1D /* Base */,
			);
			name = Main.storyboard;
			sourceTree = "<group>";
		};
/* End PBXVariantGroup section */

/* Begin XCBuildConfiguration section */
		3FE461632833F60D00D37D1D /* Debug */ = {
			isa = XCBuildConfiguration;
			buildSettings = {
				ALWAYS_SEARCH_USER_PATHS = NO;
				CLANG_ANALYZER_NONNULL = YES;
				CLANG_ANALYZER_NUMBER_OBJECT_CONVERSION = YES_AGGRESSIVE;
				CLANG_CXX_LANGUAGE_STANDARD = "gnu++14";
				CLANG_CXX_LIBRARY = "libc++";
				CLANG_ENABLE_MODULES = YES;
				CLANG_ENABLE_OBJC_ARC = YES;
				CLANG_ENABLE_OBJC_WEAK = YES;
				CLANG_WARN_BLOCK_CAPTURE_AUTORELEASING = YES;
				CLANG_WARN_BOOL_CONVERSION = YES;
				CLANG_WARN_COMMA = YES;
				CLANG_WARN_CONSTANT_CONVERSION = YES;
				CLANG_WARN_DEPRECATED_OBJC_IMPLEMENTATIONS = YES;
				CLANG_WARN_DIRECT_OBJC_ISA_USAGE = YES_ERROR;
				CLANG_WARN_DOCUMENTATION_COMMENTS = YES;
				CLANG_WARN_EMPTY_BODY = YES;
				CLANG_WARN_ENUM_CONVERSION = YES;
				CLANG_WARN_INFINITE_RECURSION = YES;
				CLANG_WARN_INT_CONVERSION = YES;
				CLANG_WARN_NON_LITERAL_NULL_CONVERSION = YES;
				CLANG_WARN_OBJC_IMPLICIT_RETAIN_SELF = YES;
				CLANG_WARN_OBJC_LITERAL_CONVERSION = YES;
				CLANG_WARN_OBJC_ROOT_CLASS = YES_ERROR;
				CLANG_WARN_QUOTED_INCLUDE_IN_FRAMEWORK_HEADER = YES;
				CLANG_WARN_RANGE_LOOP_ANALYSIS = YES;
				CLANG_WARN_STRICT_PROTOTYPES = YES;
				CLANG_WARN_SUSPICIOUS_MOVE = YES;
				CLANG_WARN_UNGUARDED_AVAILABILITY = YES_AGGRESSIVE;
				CLANG_WARN_UNREACHABLE_CODE = YES;
				CLANG_WARN__DUPLICATE_METHOD_MATCH = YES;
				COPY_PHASE_STRIP = NO;
				DEBUG_INFORMATION_FORMAT = dwarf;
				ENABLE_STRICT_OBJC_MSGSEND = YES;
				ENABLE_TESTABILITY = YES;
				GCC_C_LANGUAGE_STANDARD = gnu11;
				GCC_DYNAMIC_NO_PIC = NO;
				GCC_NO_COMMON_BLOCKS = YES;
				GCC_OPTIMIZATION_LEVEL = 0;
				GCC_PREPROCESSOR_DEFINITIONS = (
					"DEBUG=1",
					"$(inherited)",
				);
				GCC_WARN_64_TO_32_BIT_CONVERSION = YES;
				GCC_WARN_ABOUT_RETURN_TYPE = YES_ERROR;
				GCC_WARN_UNDECLARED_SELECTOR = YES;
				GCC_WARN_UNINITIALIZED_AUTOS = YES_AGGRESSIVE;
				GCC_WARN_UNUSED_FUNCTION = YES;
				GCC_WARN_UNUSED_VARIABLE = YES;
				IPHONEOS_DEPLOYMENT_TARGET = 14.5;
				MTL_ENABLE_DEBUG_INFO = INCLUDE_SOURCE;
				MTL_FAST_MATH = YES;
				ONLY_ACTIVE_ARCH = YES;
				SDKROOT = iphoneos;
				SWIFT_ACTIVE_COMPILATION_CONDITIONS = DEBUG;
				SWIFT_OPTIMIZATION_LEVEL = "-Onone";
			};
			name = Debug;
		};
		3FE461642833F60D00D37D1D /* Release */ = {
			isa = XCBuildConfiguration;
			buildSettings = {
				ALWAYS_SEARCH_USER_PATHS = NO;
				CLANG_ANALYZER_NONNULL = YES;
				CLANG_ANALYZER_NUMBER_OBJECT_CONVERSION = YES_AGGRESSIVE;
				CLANG_CXX_LANGUAGE_STANDARD = "gnu++14";
				CLANG_CXX_LIBRARY = "libc++";
				CLANG_ENABLE_MODULES = YES;
				CLANG_ENABLE_OBJC_ARC = YES;
				CLANG_ENABLE_OBJC_WEAK = YES;
				CLANG_WARN_BLOCK_CAPTURE_AUTORELEASING = YES;
				CLANG_WARN_BOOL_CONVERSION = YES;
				CLANG_WARN_COMMA = YES;
				CLANG_WARN_CONSTANT_CONVERSION = YES;
				CLANG_WARN_DEPRECATED_OBJC_IMPLEMENTATIONS = YES;
				CLANG_WARN_DIRECT_OBJC_ISA_USAGE = YES_ERROR;
				CLANG_WARN_DOCUMENTATION_COMMENTS = YES;
				CLANG_WARN_EMPTY_BODY = YES;
				CLANG_WARN_ENUM_CONVERSION = YES;
				CLANG_WARN_INFINITE_RECURSION = YES;
				CLANG_WARN_INT_CONVERSION = YES;
				CLANG_WARN_NON_LITERAL_NULL_CONVERSION = YES;
				CLANG_WARN_OBJC_IMPLICIT_RETAIN_SELF = YES;
				CLANG_WARN_OBJC_LITERAL_CONVERSION = YES;
				CLANG_WARN_OBJC_ROOT_CLASS = YES_ERROR;
				CLANG_WARN_QUOTED_INCLUDE_IN_FRAMEWORK_HEADER = YES;
				CLANG_WARN_RANGE_LOOP_ANALYSIS = YES;
				CLANG_WARN_STRICT_PROTOTYPES = YES;
				CLANG_WARN_SUSPICIOUS_MOVE = YES;
				CLANG_WARN_UNGUARDED_AVAILABILITY = YES_AGGRESSIVE;
				CLANG_WARN_UNREACHABLE_CODE = YES;
				CLANG_WARN__DUPLICATE_METHOD_MATCH = YES;
				COPY_PHASE_STRIP = NO;
				DEBUG_INFORMATION_FORMAT = "dwarf-with-dsym";
				ENABLE_NS_ASSERTIONS = NO;
				ENABLE_STRICT_OBJC_MSGSEND = YES;
				GCC_C_LANGUAGE_STANDARD = gnu11;
				GCC_NO_COMMON_BLOCKS = YES;
				GCC_WARN_64_TO_32_BIT_CONVERSION = YES;
				GCC_WARN_ABOUT_RETURN_TYPE = YES_ERROR;
				GCC_WARN_UNDECLARED_SELECTOR = YES;
				GCC_WARN_UNINITIALIZED_AUTOS = YES_AGGRESSIVE;
				GCC_WARN_UNUSED_FUNCTION = YES;
				GCC_WARN_UNUSED_VARIABLE = YES;
				IPHONEOS_DEPLOYMENT_TARGET = 14.5;
				MTL_ENABLE_DEBUG_INFO = NO;
				MTL_FAST_MATH = YES;
				SDKROOT = iphoneos;
				SWIFT_COMPILATION_MODE = wholemodule;
				SWIFT_OPTIMIZATION_LEVEL = "-O";
				VALIDATE_PRODUCT = YES;
			};
			name = Release;
		};
		3FE461662833F60D00D37D1D /* Debug */ = {
			isa = XCBuildConfiguration;
			buildSettings = {
				ASSETCATALOG_COMPILER_APPICON_NAME = AppIcon;
				ASSETCATALOG_COMPILER_GLOBAL_ACCENT_COLOR_NAME = AccentColor;
				CODE_SIGN_STYLE = Automatic;
				DEVELOPMENT_TEAM = 6ZK477Q6US;
				INFOPLIST_FILE = "Sahil Runner/Info.plist";
				LD_RUNPATH_SEARCH_PATHS = (
					"$(inherited)",
					"@executable_path/Frameworks",
				);
				PRODUCT_BUNDLE_IDENTIFIER = "Imaginative-Thinking.Sahil-Runner";
				PRODUCT_NAME = "$(TARGET_NAME)";
				SWIFT_VERSION = 5.0;
				TARGETED_DEVICE_FAMILY = "1,2";
			};
			name = Debug;
		};
		3FE461672833F60D00D37D1D /* Release */ = {
			isa = XCBuildConfiguration;
			buildSettings = {
				ASSETCATALOG_COMPILER_APPICON_NAME = AppIcon;
				ASSETCATALOG_COMPILER_GLOBAL_ACCENT_COLOR_NAME = AccentColor;
				CODE_SIGN_STYLE = Automatic;
				DEVELOPMENT_TEAM = 6ZK477Q6US;
				INFOPLIST_FILE = "Sahil Runner/Info.plist";
				LD_RUNPATH_SEARCH_PATHS = (
					"$(inherited)",
					"@executable_path/Frameworks",
				);
				PRODUCT_BUNDLE_IDENTIFIER = "Imaginative-Thinking.Sahil-Runner";
				PRODUCT_NAME = "$(TARGET_NAME)";
				SWIFT_VERSION = 5.0;
				TARGETED_DEVICE_FAMILY = "1,2";
			};
			name = Release;
		};
/* End XCBuildConfiguration section */

/* Begin XCConfigurationList section */
		3FE4614B2833F60400D37D1D /* Build configuration list for PBXProject "Sahil Runner" */ = {
			isa = XCConfigurationList;
			buildConfigurations = (
				3FE461632833F60D00D37D1D /* Debug */,
				3FE461642833F60D00D37D1D /* Release */,
			);
			defaultConfigurationIsVisible = 0;
			defaultConfigurationName = Release;
		};
		3FE461652833F60D00D37D1D /* Build configuration list for PBXNativeTarget "Sahil Runner" */ = {
			isa = XCConfigurationList;
			buildConfigurations = (
				3FE461662833F60D00D37D1D /* Debug */,
				3FE461672833F60D00D37D1D /* Release */,
			);
			defaultConfigurationIsVisible = 0;
			defaultConfigurationName = Release;
		};
/* End XCConfigurationList section */
	};
	rootObject = 3FE461482833F60400D37D1D /* Project object */;
}
